
Microsoft Visual Studio Solution File, Format Version 12.00
# Visual Studio Version 17
VisualStudioVersion = 17.1.32228.430
MinimumVisualStudioVersion = 10.0.40219.1
Project("{FAE04EC0-301F-11D3-BF4B-00C04F79EFBC}") = "WorkerService", "WorkerService\WorkerService.csproj", "{9809390E-948A-41C9-8204-BDD8451F14FB}"
EndProject
Project("{2150E333-8FDC-42A3-9474-1A3956D46DE8}") = "WorkService", "WorkService", "{C2A2DA8C-A4B5-4D4E-A695-AB7501A2157A}"
EndProject
Project("{2150E333-8FDC-42A3-9474-1A3956D46DE8}") = "Domain", "Domain", "{CDEC67FF-5A61-438D-94E0-54D960FE1889}"
EndProject
Project("{2150E333-8FDC-42A3-9474-1A3956D46DE8}") = "Infraestructure", "Infraestructure", "{AE7F0AD2-6B14-45DD-92C8-7E0BF2BF9B6E}"
EndProject
Project("{FAE04EC0-301F-11D3-BF4B-00C04F79EFBC}") = "Domain", "Domain\Domain.csproj", "{AF310190-2793-409A-9DC2-5DF59DE99241}"
EndProject
Project("{FAE04EC0-301F-11D3-BF4B-00C04F79EFBC}") = "Infraestructure", "Infraestructure\Infraestructure.csproj", "{8FBBA748-EE07-4607-8937-D207D136A953}"
EndProject
Global
	GlobalSection(SolutionConfigurationPlatforms) = preSolution
		Debug|Any CPU = Debug|Any CPU
		Release|Any CPU = Release|Any CPU
	EndGlobalSection
	GlobalSection(ProjectConfigurationPlatforms) = postSolution
		{9809390E-948A-41C9-8204-BDD8451F14FB}.Debug|Any CPU.ActiveCfg = Debug|Any CPU
		{9809390E-948A-41C9-8204-BDD8451F14FB}.Debug|Any CPU.Build.0 = Debug|Any CPU
		{9809390E-948A-41C9-8204-BDD8451F14FB}.Release|Any CPU.ActiveCfg = Release|Any CPU
		{9809390E-948A-41C9-8204-BDD8451F14FB}.Release|Any CPU.Build.0 = Release|Any CPU
		{AF310190-2793-409A-9DC2-5DF59DE99241}.Debug|Any CPU.ActiveCfg = Debug|Any CPU
		{AF310190-2793-409A-9DC2-5DF59DE99241}.Debug|Any CPU.Build.0 = Debug|Any CPU
		{AF310190-2793-409A-9DC2-5DF59DE99241}.Release|Any CPU.ActiveCfg = Release|Any CPU
		{AF310190-2793-409A-9DC2-5DF59DE99241}.Release|Any CPU.Build.0 = Release|Any CPU
		{8FBBA748-EE07-4607-8937-D207D136A953}.Debug|Any CPU.ActiveCfg = Debug|Any CPU
		{8FBBA748-EE07-4607-8937-D207D136A953}.Debug|Any CPU.Build.0 = Debug|Any CPU
		{8FBBA748-EE07-4607-8937-D207D136A953}.Release|Any CPU.ActiveCfg = Release|Any CPU
		{8FBBA748-EE07-4607-8937-D207D136A953}.Release|Any CPU.Build.0 = Release|Any CPU
	EndGlobalSection
	GlobalSection(SolutionProperties) = preSolution
		HideSolutionNode = FALSE
	EndGlobalSection
	GlobalSection(NestedProjects) = preSolution
		{9809390E-948A-41C9-8204-BDD8451F14FB} = {C2A2DA8C-A4B5-4D4E-A695-AB7501A2157A}
		{AF310190-2793-409A-9DC2-5DF59DE99241} = {CDEC67FF-5A61-438D-94E0-54D960FE1889}
		{8FBBA748-EE07-4607-8937-D207D136A953} = {AE7F0AD2-6B14-45DD-92C8-7E0BF2BF9B6E}
	EndGlobalSection
	GlobalSection(ExtensibilityGlobals) = postSolution
		SolutionGuid = {FF868AE3-E4E4-4319-9928-75AD350674D3}
	EndGlobalSection
EndGlobal
