
Microsoft Visual Studio Solution File, Format Version 12.00
# Visual Studio Version 17
VisualStudioVersion = 17.1.32228.430
MinimumVisualStudioVersion = 10.0.40219.1
Project("{FAE04EC0-301F-11D3-BF4B-00C04F79EFBC}") = "AT_TeamManager", "AT_TeamManager\AT_TeamManager.csproj", "{71870638-B597-4031-9316-9BD8E553CE67}"
EndProject
Project("{2150E333-8FDC-42A3-9474-1A3956D46DE8}") = "Console", "Console", "{507DEA76-1AA7-4E7A-A188-E3FAD556EBA1}"
EndProject
Project("{2150E333-8FDC-42A3-9474-1A3956D46DE8}") = "Domain", "Domain", "{7220D632-53B8-4D93-9372-969819A5CCBF}"
EndProject
Project("{2150E333-8FDC-42A3-9474-1A3956D46DE8}") = "Infraestructure", "Infraestructure", "{79D285A3-DB2A-4AD2-9126-740B7D5874C4}"
EndProject
Project("{FAE04EC0-301F-11D3-BF4B-00C04F79EFBC}") = "Domain", "Domain\Domain.csproj", "{4C766685-D8BE-456D-9E13-06C35FD37033}"
EndProject
Project("{FAE04EC0-301F-11D3-BF4B-00C04F79EFBC}") = "Repositorie", "TeamsRepositorie\Repositorie.csproj", "{82485D8E-D750-4033-AA7D-13FA59C39E7C}"
EndProject
Global
	GlobalSection(SolutionConfigurationPlatforms) = preSolution
		Debug|Any CPU = Debug|Any CPU
		Release|Any CPU = Release|Any CPU
	EndGlobalSection
	GlobalSection(ProjectConfigurationPlatforms) = postSolution
		{71870638-B597-4031-9316-9BD8E553CE67}.Debug|Any CPU.ActiveCfg = Debug|Any CPU
		{71870638-B597-4031-9316-9BD8E553CE67}.Debug|Any CPU.Build.0 = Debug|Any CPU
		{71870638-B597-4031-9316-9BD8E553CE67}.Release|Any CPU.ActiveCfg = Release|Any CPU
		{71870638-B597-4031-9316-9BD8E553CE67}.Release|Any CPU.Build.0 = Release|Any CPU
		{4C766685-D8BE-456D-9E13-06C35FD37033}.Debug|Any CPU.ActiveCfg = Debug|Any CPU
		{4C766685-D8BE-456D-9E13-06C35FD37033}.Debug|Any CPU.Build.0 = Debug|Any CPU
		{4C766685-D8BE-456D-9E13-06C35FD37033}.Release|Any CPU.ActiveCfg = Release|Any CPU
		{4C766685-D8BE-456D-9E13-06C35FD37033}.Release|Any CPU.Build.0 = Release|Any CPU
		{82485D8E-D750-4033-AA7D-13FA59C39E7C}.Debug|Any CPU.ActiveCfg = Debug|Any CPU
		{82485D8E-D750-4033-AA7D-13FA59C39E7C}.Debug|Any CPU.Build.0 = Debug|Any CPU
		{82485D8E-D750-4033-AA7D-13FA59C39E7C}.Release|Any CPU.ActiveCfg = Release|Any CPU
		{82485D8E-D750-4033-AA7D-13FA59C39E7C}.Release|Any CPU.Build.0 = Release|Any CPU
	EndGlobalSection
	GlobalSection(SolutionProperties) = preSolution
		HideSolutionNode = FALSE
	EndGlobalSection
	GlobalSection(NestedProjects) = preSolution
		{71870638-B597-4031-9316-9BD8E553CE67} = {507DEA76-1AA7-4E7A-A188-E3FAD556EBA1}
		{4C766685-D8BE-456D-9E13-06C35FD37033} = {7220D632-53B8-4D93-9372-969819A5CCBF}
		{82485D8E-D750-4033-AA7D-13FA59C39E7C} = {79D285A3-DB2A-4AD2-9126-740B7D5874C4}
	EndGlobalSection
	GlobalSection(ExtensibilityGlobals) = postSolution
		SolutionGuid = {FD2B59B6-B4A3-46D5-8EEF-60BE29E5CDEB}
	EndGlobalSection
EndGlobal
